// !$*UTF8*$!
{
	archiveVersion = 1;
	classes = {
	};
	objectVersion = 50;
	objects = {

/* Begin PBXBuildFile section */
		3DD7E4E028C793B7000BA768 /* AppDelegate.swift in Sources */ = {isa = PBXBuildFile; fileRef = 3DD7E4DF28C793B7000BA768 /* AppDelegate.swift */; };
		3DD7E4E228C793B7000BA768 /* SceneDelegate.swift in Sources */ = {isa = PBXBuildFile; fileRef = 3DD7E4E128C793B7000BA768 /* SceneDelegate.swift */; };
		3DD7E4E428C793B7000BA768 /* ViewController.swift in Sources */ = {isa = PBXBuildFile; fileRef = 3DD7E4E328C793B7000BA768 /* ViewController.swift */; };
		3DD7E4E728C793B7000BA768 /* Main.storyboard in Resources */ = {isa = PBXBuildFile; fileRef = 3DD7E4E528C793B7000BA768 /* Main.storyboard */; };
		3DD7E4E928C793C6000BA768 /* Assets.xcassets in Resources */ = {isa = PBXBuildFile; fileRef = 3DD7E4E828C793C6000BA768 /* Assets.xcassets */; };
		3DD7E4EC28C793C7000BA768 /* LaunchScreen.storyboard in Resources */ = {isa = PBXBuildFile; fileRef = 3DD7E4EA28C793C7000BA768 /* LaunchScreen.storyboard */; };
/* End PBXBuildFile section */

/* Begin PBXFileReference section */
		3DD7E4DC28C793B7000BA768 /* Proyecto-Final.app */ = {isa = PBXFileReference; explicitFileType = wrapper.application; includeInIndex = 0; path = "Proyecto-Final.app"; sourceTree = BUILT_PRODUCTS_DIR; };
		3DD7E4DF28C793B7000BA768 /* AppDelegate.swift */ = {isa = PBXFileReference; lastKnownFileType = sourcecode.swift; path = AppDelegate.swift; sourceTree = "<group>"; };
		3DD7E4E128C793B7000BA768 /* SceneDelegate.swift */ = {isa = PBXFileReference; lastKnownFileType = sourcecode.swift; path = SceneDelegate.swift; sourceTree = "<group>"; };
		3DD7E4E328C793B7000BA768 /* ViewController.swift */ = {isa = PBXFileReference; lastKnownFileType = sourcecode.swift; path = ViewController.swift; sourceTree = "<group>"; };
		3DD7E4E628C793B7000BA768 /* Base */ = {isa = PBXFileReference; lastKnownFileType = file.storyboard; name = Base; path = Base.lproj/Main.storyboard; sourceTree = "<group>"; };
		3DD7E4E828C793C6000BA768 /* Assets.xcassets */ = {isa = PBXFileReference; lastKnownFileType = folder.assetcatalog; path = Assets.xcassets; sourceTree = "<group>"; };
		3DD7E4EB28C793C7000BA768 /* Base */ = {isa = PBXFileReference; lastKnownFileType = file.storyboard; name = Base; path = Base.lproj/LaunchScreen.storyboard; sourceTree = "<group>"; };
		3DD7E4ED28C793C7000BA768 /* Info.plist */ = {isa = PBXFileReference; lastKnownFileType = text.plist.xml; path = Info.plist; sourceTree = "<group>"; };
/* End PBXFileReference section */

/* Begin PBXFrameworksBuildPhase section */
		3DD7E4D928C793B6000BA768 /* Frameworks */ = {
			isa = PBXFrameworksBuildPhase;
			buildActionMask = 2147483647;
			files = (
			);
			runOnlyForDeploymentPostprocessing = 0;
		};
/* End PBXFrameworksBuildPhase section */

/* Begin PBXGroup section */
		3DD7E4D328C793B6000BA768 = {
			isa = PBXGroup;
			children = (
				3DD7E4DE28C793B7000BA768 /* Proyecto-Final */,
				3DD7E4DD28C793B7000BA768 /* Products */,
			);
			sourceTree = "<group>";
		};
		3DD7E4DD28C793B7000BA768 /* Products */ = {
			isa = PBXGroup;
			children = (
				3DD7E4DC28C793B7000BA768 /* Proyecto-Final.app */,
			);
			name = Products;
			sourceTree = "<group>";
		};
		3DD7E4DE28C793B7000BA768 /* Proyecto-Final */ = {
			isa = PBXGroup;
			children = (
				3DD7E4DF28C793B7000BA768 /* AppDelegate.swift */,
				3DD7E4E128C793B7000BA768 /* SceneDelegate.swift */,
				3DD7E4E328C793B7000BA768 /* ViewController.swift */,
				3DD7E4E528C793B7000BA768 /* Main.storyboard */,
				3DD7E4E828C793C6000BA768 /* Assets.xcassets */,
				3DD7E4EA28C793C7000BA768 /* LaunchScreen.storyboard */,
				3DD7E4ED28C793C7000BA768 /* Info.plist */,
			);
			path = "Proyecto-Final";
			sourceTree = "<group>";
		};
/* End PBXGroup section */

/* Begin PBXNativeTarget section */
		3DD7E4DB28C793B6000BA768 /* Proyecto-Final */ = {
			isa = PBXNativeTarget;
			buildConfigurationList = 3DD7E4F028C793C7000BA768 /* Build configuration list for PBXNativeTarget "Proyecto-Final" */;
			buildPhases = (
				3DD7E4D828C793B6000BA768 /* Sources */,
				3DD7E4D928C793B6000BA768 /* Frameworks */,
				3DD7E4DA28C793B6000BA768 /* Resources */,
			);
			buildRules = (
			);
			dependencies = (
			);
			name = "Proyecto-Final";
			productName = "Proyecto-Final";
			productReference = 3DD7E4DC28C793B7000BA768 /* Proyecto-Final.app */;
			productType = "com.apple.product-type.application";
		};
/* End PBXNativeTarget section */

/* Begin PBXProject section */
		3DD7E4D428C793B6000BA768 /* Project object */ = {
			isa = PBXProject;
			attributes = {
				LastSwiftUpdateCheck = 1130;
				LastUpgradeCheck = 1130;
				ORGANIZATIONNAME = Ulsa;
				TargetAttributes = {
					3DD7E4DB28C793B6000BA768 = {
						CreatedOnToolsVersion = 11.3.1;
					};
				};
			};
			buildConfigurationList = 3DD7E4D728C793B6000BA768 /* Build configuration list for PBXProject "Proyecto-Final" */;
			compatibilityVersion = "Xcode 9.3";
			developmentRegion = en;
			hasScannedForEncodings = 0;
			knownRegions = (
				en,
				Base,
			);
			mainGroup = 3DD7E4D328C793B6000BA768;
			productRefGroup = 3DD7E4DD28C793B7000BA768 /* Products */;
			projectDirPath = "";
			projectRoot = "";
			targets = (
				3DD7E4DB28C793B6000BA768 /* Proyecto-Final */,
			);
		};
/* End PBXProject section */

/* Begin PBXResourcesBuildPhase section */
		3DD7E4DA28C793B6000BA768 /* Resources */ = {
			isa = PBXResourcesBuildPhase;
			buildActionMask = 2147483647;
			files = (
				3DD7E4EC28C793C7000BA768 /* LaunchScreen.storyboard in Resources */,
				3DD7E4E928C793C6000BA768 /* Assets.xcassets in Resources */,
				3DD7E4E728C793B7000BA768 /* Main.storyboard in Resources */,
			);
			runOnlyForDeploymentPostprocessing = 0;
		};
/* End PBXResourcesBuildPhase section */

/* Begin PBXSourcesBuildPhase section */
		3DD7E4D828C793B6000BA768 /* Sources */ = {
			isa = PBXSourcesBuildPhase;
			buildActionMask = 2147483647;
			files = (
				3DD7E4E428C793B7000BA768 /* ViewController.swift in Sources */,
				3DD7E4E028C793B7000BA768 /* AppDelegate.swift in Sources */,
				3DD7E4E228C793B7000BA768 /* SceneDelegate.swift in Sources */,
			);
			runOnlyForDeploymentPostprocessing = 0;
		};
/* End PBXSourcesBuildPhase section */

/* Begin PBXVariantGroup section */
		3DD7E4E528C793B7000BA768 /* Main.storyboard */ = {
			isa = PBXVariantGroup;
			children = (
				3DD7E4E628C793B7000BA768 /* Base */,
			);
			name = Main.storyboard;
			sourceTree = "<group>";
		};
		3DD7E4EA28C793C7000BA768 /* LaunchScreen.storyboard */ = {
			isa = PBXVariantGroup;
			children = (
				3DD7E4EB28C793C7000BA768 /* Base */,
			);
			name = LaunchScreen.storyboard;
			sourceTree = "<group>";
		};
/* End PBXVariantGroup section */

/* Begin XCBuildConfiguration section */
		3DD7E4EE28C793C7000BA768 /* Debug */ = {
			isa = XCBuildConfiguration;
			buildSettings = {
				ALWAYS_SEARCH_USER_PATHS = NO;
				CLANG_ANALYZER_NONNULL = YES;
				CLANG_ANALYZER_NUMBER_OBJECT_CONVERSION = YES_AGGRESSIVE;
				CLANG_CXX_LANGUAGE_STANDARD = "gnu++14";
				CLANG_CXX_LIBRARY = "libc++";
				CLANG_ENABLE_MODULES = YES;
				CLANG_ENABLE_OBJC_ARC = YES;
				CLANG_ENABLE_OBJC_WEAK = YES;
				CLANG_WARN_BLOCK_CAPTURE_AUTORELEASING = YES;
				CLANG_WARN_BOOL_CONVERSION = YES;
				CLANG_WARN_COMMA = YES;
				CLANG_WARN_CONSTANT_CONVERSION = YES;
				CLANG_WARN_DEPRECATED_OBJC_IMPLEMENTATIONS = YES;
				CLANG_WARN_DIRECT_OBJC_ISA_USAGE = YES_ERROR;
				CLANG_WARN_DOCUMENTATION_COMMENTS = YES;
				CLANG_WARN_EMPTY_BODY = YES;
				CLANG_WARN_ENUM_CONVERSION = YES;
				CLANG_WARN_INFINITE_RECURSION = YES;
				CLANG_WARN_INT_CONVERSION = YES;
				CLANG_WARN_NON_LITERAL_NULL_CONVERSION = YES;
				CLANG_WARN_OBJC_IMPLICIT_RETAIN_SELF = YES;
				CLANG_WARN_OBJC_LITERAL_CONVERSION = YES;
				CLANG_WARN_OBJC_ROOT_CLASS = YES_ERROR;
				CLANG_WARN_RANGE_LOOP_ANALYSIS = YES;
				CLANG_WARN_STRICT_PROTOTYPES = YES;
				CLANG_WARN_SUSPICIOUS_MOVE = YES;
				CLANG_WARN_UNGUARDED_AVAILABILITY = YES_AGGRESSIVE;
				CLANG_WARN_UNREACHABLE_CODE = YES;
				CLANG_WARN__DUPLICATE_METHOD_MATCH = YES;
				COPY_PHASE_STRIP = NO;
				DEBUG_INFORMATION_FORMAT = dwarf;
				ENABLE_STRICT_OBJC_MSGSEND = YES;
				ENABLE_TESTABILITY = YES;
				GCC_C_LANGUAGE_STANDARD = gnu11;
				GCC_DYNAMIC_NO_PIC = NO;
				GCC_NO_COMMON_BLOCKS = YES;
				GCC_OPTIMIZATION_LEVEL = 0;
				GCC_PREPROCESSOR_DEFINITIONS = (
					"DEBUG=1",
					"$(inherited)",
				);
				GCC_WARN_64_TO_32_BIT_CONVERSION = YES;
				GCC_WARN_ABOUT_RETURN_TYPE = YES_ERROR;
				GCC_WARN_UNDECLARED_SELECTOR = YES;
				GCC_WARN_UNINITIALIZED_AUTOS = YES_AGGRESSIVE;
				GCC_WARN_UNUSED_FUNCTION = YES;
				GCC_WARN_UNUSED_VARIABLE = YES;
				IPHONEOS_DEPLOYMENT_TARGET = 13.2;
				MTL_ENABLE_DEBUG_INFO = INCLUDE_SOURCE;
				MTL_FAST_MATH = YES;
				ONLY_ACTIVE_ARCH = YES;
				SDKROOT = iphoneos;
				SWIFT_ACTIVE_COMPILATION_CONDITIONS = DEBUG;
				SWIFT_OPTIMIZATION_LEVEL = "-Onone";
			};
			name = Debug;
		};
		3DD7E4EF28C793C7000BA768 /* Release */ = {
			isa = XCBuildConfiguration;
			buildSettings = {
				ALWAYS_SEARCH_USER_PATHS = NO;
				CLANG_ANALYZER_NONNULL = YES;
				CLANG_ANALYZER_NUMBER_OBJECT_CONVERSION = YES_AGGRESSIVE;
				CLANG_CXX_LANGUAGE_STANDARD = "gnu++14";
				CLANG_CXX_LIBRARY = "libc++";
				CLANG_ENABLE_MODULES = YES;
				CLANG_ENABLE_OBJC_ARC = YES;
				CLANG_ENABLE_OBJC_WEAK = YES;
				CLANG_WARN_BLOCK_CAPTURE_AUTORELEASING = YES;
				CLANG_WARN_BOOL_CONVERSION = YES;
				CLANG_WARN_COMMA = YES;
				CLANG_WARN_CONSTANT_CONVERSION = YES;
				CLANG_WARN_DEPRECATED_OBJC_IMPLEMENTATIONS = YES;
				CLANG_WARN_DIRECT_OBJC_ISA_USAGE = YES_ERROR;
				CLANG_WARN_DOCUMENTATION_COMMENTS = YES;
				CLANG_WARN_EMPTY_BODY = YES;
				CLANG_WARN_ENUM_CONVERSION = YES;
				CLANG_WARN_INFINITE_RECURSION = YES;
				CLANG_WARN_INT_CONVERSION = YES;
				CLANG_WARN_NON_LITERAL_NULL_CONVERSION = YES;
				CLANG_WARN_OBJC_IMPLICIT_RETAIN_SELF = YES;
				CLANG_WARN_OBJC_LITERAL_CONVERSION = YES;
				CLANG_WARN_OBJC_ROOT_CLASS = YES_ERROR;
				CLANG_WARN_RANGE_LOOP_ANALYSIS = YES;
				CLANG_WARN_STRICT_PROTOTYPES = YES;
				CLANG_WARN_SUSPICIOUS_MOVE = YES;
				CLANG_WARN_UNGUARDED_AVAILABILITY = YES_AGGRESSIVE;
				CLANG_WARN_UNREACHABLE_CODE = YES;
				CLANG_WARN__DUPLICATE_METHOD_MATCH = YES;
				COPY_PHASE_STRIP = NO;
				DEBUG_INFORMATION_FORMAT = "dwarf-with-dsym";
				ENABLE_NS_ASSERTIONS = NO;
				ENABLE_STRICT_OBJC_MSGSEND = YES;
				GCC_C_LANGUAGE_STANDARD = gnu11;
				GCC_NO_COMMON_BLOCKS = YES;
				GCC_WARN_64_TO_32_BIT_CONVERSION = YES;
				GCC_WARN_ABOUT_RETURN_TYPE = YES_ERROR;
				GCC_WARN_UNDECLARED_SELECTOR = YES;
				GCC_WARN_UNINITIALIZED_AUTOS = YES_AGGRESSIVE;
				GCC_WARN_UNUSED_FUNCTION = YES;
				GCC_WARN_UNUSED_VARIABLE = YES;
				IPHONEOS_DEPLOYMENT_TARGET = 13.2;
				MTL_ENABLE_DEBUG_INFO = NO;
				MTL_FAST_MATH = YES;
				SDKROOT = iphoneos;
				SWIFT_COMPILATION_MODE = wholemodule;
				SWIFT_OPTIMIZATION_LEVEL = "-O";
				VALIDATE_PRODUCT = YES;
			};
			name = Release;
		};
		3DD7E4F128C793C7000BA768 /* Debug */ = {
			isa = XCBuildConfiguration;
			buildSettings = {
				ASSETCATALOG_COMPILER_APPICON_NAME = AppIcon;
				CODE_SIGN_STYLE = Automatic;
				INFOPLIST_FILE = "Proyecto-Final/Info.plist";
				LD_RUNPATH_SEARCH_PATHS = (
					"$(inherited)",
					"@executable_path/Frameworks",
				);
				PRODUCT_BUNDLE_IDENTIFIER = "edu.ulsa.Proyecto-Final";
				PRODUCT_NAME = "$(TARGET_NAME)";
				SWIFT_VERSION = 5.0;
				TARGETED_DEVICE_FAMILY = "1,2";
			};
			name = Debug;
		};
		3DD7E4F228C793C7000BA768 /* Release */ = {
			isa = XCBuildConfiguration;
			buildSettings = {
				ASSETCATALOG_COMPILER_APPICON_NAME = AppIcon;
				CODE_SIGN_STYLE = Automatic;
				INFOPLIST_FILE = "Proyecto-Final/Info.plist";
				LD_RUNPATH_SEARCH_PATHS = (
					"$(inherited)",
					"@executable_path/Frameworks",
				);
				PRODUCT_BUNDLE_IDENTIFIER = "edu.ulsa.Proyecto-Final";
				PRODUCT_NAME = "$(TARGET_NAME)";
				SWIFT_VERSION = 5.0;
				TARGETED_DEVICE_FAMILY = "1,2";
			};
			name = Release;
		};
/* End XCBuildConfiguration section */

/* Begin XCConfigurationList section */
		3DD7E4D728C793B6000BA768 /* Build configuration list for PBXProject "Proyecto-Final" */ = {
			isa = XCConfigurationList;
			buildConfigurations = (
				3DD7E4EE28C793C7000BA768 /* Debug */,
				3DD7E4EF28C793C7000BA768 /* Release */,
			);
			defaultConfigurationIsVisible = 0;
			defaultConfigurationName = Release;
		};
		3DD7E4F028C793C7000BA768 /* Build configuration list for PBXNativeTarget "Proyecto-Final" */ = {
			isa = XCConfigurationList;
			buildConfigurations = (
				3DD7E4F128C793C7000BA768 /* Debug */,
				3DD7E4F228C793C7000BA768 /* Release */,
			);
			defaultConfigurationIsVisible = 0;
			defaultConfigurationName = Release;
		};
/* End XCConfigurationList section */
	};
	rootObject = 3DD7E4D428C793B6000BA768 /* Project object */;
}
